<Solution>
  <Folder Name="/Dokumentation_Presentation/">
    <File Path="G_Dokumentation.txt" />
    <File Path="Krav_fran_skola.txt" />
    <File Path="Min_grundplan.txt" />
    <File Path="Roadmap.txt" />
    <File Path="VG_Dokumentation.txt" />
  </Folder>
  <Project Path="Narrare.Api/Narrare.Api.csproj" />
  <Project Path="Narrare.Application/Narrare.Application.csproj" />
  <Project Path="Narrare.Domain/Narrare.Domain.csproj" />
  <Project Path="Narrare.Infrastructure/Narrare.Infrastructure.csproj" />
  <Project Path="Narrare.Web/Narrare.Web.csproj" />
</Solution>
